
Microsoft Visual Studio Solution File, Format Version 12.00
# Visual Studio 14
VisualStudioVersion = 14.0.25420.1
MinimumVisualStudioVersion = 10.0.40219.1
Project("{E24C65DC-7377-472B-9ABA-BC803B73C61A}") = "Website", "Website\", "{AEBA84EA-C9E6-4985-B237-14B47A277D9B}"
	ProjectSection(WebsiteProperties) = preProject
		TargetFrameworkMoniker = ".NETFramework,Version%3Dv4.5.2"
		ProjectReferences = "{204fd430-5d55-4cc5-b51e-2cfec4bfdbe1}|FSISSystem.dll;{819F9DEF-9461-4137-BFA0-2CFC0ED44037}|FSISSystem.Data.dll;"
		Debug.AspNetCompiler.VirtualPath = "/localhost_10835"
		Debug.AspNetCompiler.PhysicalPath = "Website\"
		Debug.AspNetCompiler.TargetPath = "PrecompiledWeb\localhost_10835\"
		Debug.AspNetCompiler.Updateable = "true"
		Debug.AspNetCompiler.ForceOverwrite = "true"
		Debug.AspNetCompiler.FixedNames = "false"
		Debug.AspNetCompiler.Debug = "True"
		Release.AspNetCompiler.VirtualPath = "/localhost_10835"
		Release.AspNetCompiler.PhysicalPath = "Website\"
		Release.AspNetCompiler.TargetPath = "PrecompiledWeb\localhost_10835\"
		Release.AspNetCompiler.Updateable = "true"
		Release.AspNetCompiler.ForceOverwrite = "true"
		Release.AspNetCompiler.FixedNames = "false"
		Release.AspNetCompiler.Debug = "False"
		VWDPort = "10835"
		SlnRelativePath = "Website\"
		DefaultWebSiteLanguage = "Visual C#"
	EndProjectSection
EndProject
Project("{FAE04EC0-301F-11D3-BF4B-00C04F79EFBC}") = "FSISSystem.Data", "FSISSystem.Data\FSISSystem.Data.csproj", "{819F9DEF-9461-4137-BFA0-2CFC0ED44037}"
EndProject
Project("{FAE04EC0-301F-11D3-BF4B-00C04F79EFBC}") = "FSISSystem", "FSISSystem\FSISSystem.csproj", "{204FD430-5D55-4CC5-B51E-2CFEC4BFDBE1}"
EndProject
Global
	GlobalSection(SolutionConfigurationPlatforms) = preSolution
		Debug|Any CPU = Debug|Any CPU
		Release|Any CPU = Release|Any CPU
	EndGlobalSection
	GlobalSection(ProjectConfigurationPlatforms) = postSolution
		{AEBA84EA-C9E6-4985-B237-14B47A277D9B}.Debug|Any CPU.ActiveCfg = Debug|Any CPU
		{AEBA84EA-C9E6-4985-B237-14B47A277D9B}.Debug|Any CPU.Build.0 = Debug|Any CPU
		{AEBA84EA-C9E6-4985-B237-14B47A277D9B}.Release|Any CPU.ActiveCfg = Debug|Any CPU
		{AEBA84EA-C9E6-4985-B237-14B47A277D9B}.Release|Any CPU.Build.0 = Debug|Any CPU
		{819F9DEF-9461-4137-BFA0-2CFC0ED44037}.Debug|Any CPU.ActiveCfg = Debug|Any CPU
		{819F9DEF-9461-4137-BFA0-2CFC0ED44037}.Debug|Any CPU.Build.0 = Debug|Any CPU
		{819F9DEF-9461-4137-BFA0-2CFC0ED44037}.Release|Any CPU.ActiveCfg = Release|Any CPU
		{819F9DEF-9461-4137-BFA0-2CFC0ED44037}.Release|Any CPU.Build.0 = Release|Any CPU
		{204FD430-5D55-4CC5-B51E-2CFEC4BFDBE1}.Debug|Any CPU.ActiveCfg = Debug|Any CPU
		{204FD430-5D55-4CC5-B51E-2CFEC4BFDBE1}.Debug|Any CPU.Build.0 = Debug|Any CPU
		{204FD430-5D55-4CC5-B51E-2CFEC4BFDBE1}.Release|Any CPU.ActiveCfg = Release|Any CPU
		{204FD430-5D55-4CC5-B51E-2CFEC4BFDBE1}.Release|Any CPU.Build.0 = Release|Any CPU
	EndGlobalSection
	GlobalSection(SolutionProperties) = preSolution
		HideSolutionNode = FALSE
	EndGlobalSection
EndGlobal
